
Microsoft Visual Studio Solution File, Format Version 12.00
# Visual Studio Version 16
VisualStudioVersion = 16.0.31729.503
MinimumVisualStudioVersion = 10.0.40219.1
Project("{FAE04EC0-301F-11D3-BF4B-00C04F79EFBC}") = "TutorialTweaks", "TutorialTweaks\TutorialTweaks.csproj", "{5EE9BEE2-9559-4AA7-B25C-26AFD0950902}"
EndProject
Global
	GlobalSection(SolutionConfigurationPlatforms) = preSolution
		Debug|Any CPU = Debug|Any CPU
		Release|Any CPU = Release|Any CPU
	EndGlobalSection
	GlobalSection(ProjectConfigurationPlatforms) = postSolution
		{5EE9BEE2-9559-4AA7-B25C-26AFD0950902}.Debug|Any CPU.ActiveCfg = Debug|Any CPU
		{5EE9BEE2-9559-4AA7-B25C-26AFD0950902}.Debug|Any CPU.Build.0 = Debug|Any CPU
		{5EE9BEE2-9559-4AA7-B25C-26AFD0950902}.Release|Any CPU.ActiveCfg = Release|Any CPU
		{5EE9BEE2-9559-4AA7-B25C-26AFD0950902}.Release|Any CPU.Build.0 = Release|Any CPU
	EndGlobalSection
	GlobalSection(SolutionProperties) = preSolution
		HideSolutionNode = FALSE
	EndGlobalSection
	GlobalSection(ExtensibilityGlobals) = postSolution
		SolutionGuid = {4953F5EF-8F6F-45DB-8644-62EEC5A05E00}
	EndGlobalSection
EndGlobal
